
Microsoft Visual Studio Solution File, Format Version 12.00
# Visual Studio Version 16
VisualStudioVersion = 16.0.29503.13
MinimumVisualStudioVersion = 10.0.40219.1
Project("{8BC9CEB8-8B4A-11D0-8D11-00A0C91BC942}") = "matris işlemleri", "matris işlemleri.vcxproj", "{0FDC8B88-D5C5-4860-9502-D40E1F8759B4}"
EndProject
Global
	GlobalSection(SolutionConfigurationPlatforms) = preSolution
		Debug|x64 = Debug|x64
		Debug|x86 = Debug|x86
		Release|x64 = Release|x64
		Release|x86 = Release|x86
	EndGlobalSection
	GlobalSection(ProjectConfigurationPlatforms) = postSolution
		{0FDC8B88-D5C5-4860-9502-D40E1F8759B4}.Debug|x64.ActiveCfg = Debug|x64
		{0FDC8B88-D5C5-4860-9502-D40E1F8759B4}.Debug|x64.Build.0 = Debug|x64
		{0FDC8B88-D5C5-4860-9502-D40E1F8759B4}.Debug|x86.ActiveCfg = Debug|Win32
		{0FDC8B88-D5C5-4860-9502-D40E1F8759B4}.Debug|x86.Build.0 = Debug|Win32
		{0FDC8B88-D5C5-4860-9502-D40E1F8759B4}.Release|x64.ActiveCfg = Release|x64
		{0FDC8B88-D5C5-4860-9502-D40E1F8759B4}.Release|x64.Build.0 = Release|x64
		{0FDC8B88-D5C5-4860-9502-D40E1F8759B4}.Release|x86.ActiveCfg = Release|Win32
		{0FDC8B88-D5C5-4860-9502-D40E1F8759B4}.Release|x86.Build.0 = Release|Win32
	EndGlobalSection
	GlobalSection(SolutionProperties) = preSolution
		HideSolutionNode = FALSE
	EndGlobalSection
	GlobalSection(ExtensibilityGlobals) = postSolution
		SolutionGuid = {F90141FA-8B2F-4334-AEE8-500353D4EF3E}
	EndGlobalSection
EndGlobal
